
Microsoft Visual Studio Solution File, Format Version 12.00
# Visual Studio 15
VisualStudioVersion = 15.0.27703.2035
MinimumVisualStudioVersion = 10.0.40219.1
Project("{FAE04EC0-301F-11D3-BF4B-00C04F79EFBC}") = "LineChatBot", "LineChatBot\LineChatBot.csproj", "{BAC93D44-92C9-46AC-A946-E828758C010B}"
EndProject
Global
	GlobalSection(SolutionConfigurationPlatforms) = preSolution
		Debug|Any CPU = Debug|Any CPU
		Release|Any CPU = Release|Any CPU
	EndGlobalSection
	GlobalSection(ProjectConfigurationPlatforms) = postSolution
		{BAC93D44-92C9-46AC-A946-E828758C010B}.Debug|Any CPU.ActiveCfg = Debug|Any CPU
		{BAC93D44-92C9-46AC-A946-E828758C010B}.Debug|Any CPU.Build.0 = Debug|Any CPU
		{BAC93D44-92C9-46AC-A946-E828758C010B}.Release|Any CPU.ActiveCfg = Release|Any CPU
		{BAC93D44-92C9-46AC-A946-E828758C010B}.Release|Any CPU.Build.0 = Release|Any CPU
	EndGlobalSection
	GlobalSection(SolutionProperties) = preSolution
		HideSolutionNode = FALSE
	EndGlobalSection
	GlobalSection(ExtensibilityGlobals) = postSolution
		SolutionGuid = {6DE78BC3-9A9F-4989-AFDC-94E4CBC1C1A1}
	EndGlobalSection
EndGlobal
